
Microsoft Visual Studio Solution File, Format Version 12.00
# Visual Studio Version 16
VisualStudioVersion = 16.0.31105.61
MinimumVisualStudioVersion = 10.0.40219.1
Project("{FAE04EC0-301F-11D3-BF4B-00C04F79EFBC}") = "Module2Assignment1", "Module2Assignment1.csproj", "{FE28748B-7A91-4747-8326-ED3C1DD5F996}"
EndProject
Global
	GlobalSection(SolutionConfigurationPlatforms) = preSolution
		Debug|Any CPU = Debug|Any CPU
		Release|Any CPU = Release|Any CPU
	EndGlobalSection
	GlobalSection(ProjectConfigurationPlatforms) = postSolution
		{FE28748B-7A91-4747-8326-ED3C1DD5F996}.Debug|Any CPU.ActiveCfg = Debug|Any CPU
		{FE28748B-7A91-4747-8326-ED3C1DD5F996}.Debug|Any CPU.Build.0 = Debug|Any CPU
		{FE28748B-7A91-4747-8326-ED3C1DD5F996}.Release|Any CPU.ActiveCfg = Release|Any CPU
		{FE28748B-7A91-4747-8326-ED3C1DD5F996}.Release|Any CPU.Build.0 = Release|Any CPU
	EndGlobalSection
	GlobalSection(SolutionProperties) = preSolution
		HideSolutionNode = FALSE
	EndGlobalSection
	GlobalSection(ExtensibilityGlobals) = postSolution
		SolutionGuid = {24876508-5C67-4AAC-BF8E-66BC1BEB3BE1}
	EndGlobalSection
EndGlobal
